# This file is automatically @generated by Cargo.
# It is not intended for manual editing.
version = 3

[[package]]
name = "cc"
version = "1.1.6"
source = "registry+https://github.com/rust-lang/crates.io-index"
checksum = "2aba8f4e9906c7ce3c73463f62a7f0c65183ada1a2d47e397cc8810827f9694f"

[[package]]
name = "log"
version = "0.4.22"
source = "registry+https://github.com/rust-lang/crates.io-index"
checksum = "a7a70ba024b9dc04c27ea2f0c0548feb474ec5c54bba33a7f72f873a39d07b24"

[[package]]
name = "zuo"
version = "0.1.0"
dependencies = [
 "log",
 "zuo-sys",
]

[[package]]
name = "zuo-example"
version = "0.1.0"
dependencies = [
 "zuo",
]

[[package]]
name = "zuo-sys"
version = "0.1.1"
dependencies = [
 "cc",
]
